
Microsoft Visual Studio Solution File, Format Version 10.00
# Visual Studio 2008
Project("{FAE04EC0-301F-11D3-BF4B-00C04F79EFBC}") = "GraphSharpTutorial01", "GraphSharpTutorial01\GraphSharpTutorial01.csproj", "{890195C9-5CD6-4A45-80E6-0E82D742F955}"
EndProject
Global
	GlobalSection(SolutionConfigurationPlatforms) = preSolution
		Debug|Any CPU = Debug|Any CPU
		Release|Any CPU = Release|Any CPU
	EndGlobalSection
	GlobalSection(ProjectConfigurationPlatforms) = postSolution
		{890195C9-5CD6-4A45-80E6-0E82D742F955}.Debug|Any CPU.ActiveCfg = Debug|Any CPU
		{890195C9-5CD6-4A45-80E6-0E82D742F955}.Debug|Any CPU.Build.0 = Debug|Any CPU
		{890195C9-5CD6-4A45-80E6-0E82D742F955}.Release|Any CPU.ActiveCfg = Release|Any CPU
		{890195C9-5CD6-4A45-80E6-0E82D742F955}.Release|Any CPU.Build.0 = Release|Any CPU
	EndGlobalSection
	GlobalSection(SolutionProperties) = preSolution
		HideSolutionNode = FALSE
	EndGlobalSection
EndGlobal
